// !$*UTF8*$!
{
	archiveVersion = 1;
	classes = {
	};
	objectVersion = 51;
	objects = {

/* Begin PBXBuildFile section */
		2A29F66325A7F01300D039B8 /* Styler.swift in Sources */ = {isa = PBXBuildFile; fileRef = 2A29F66225A7F01300D039B8 /* Styler.swift */; };
		2A29F6EC25A81CC200D039B8 /* Filter.swift in Sources */ = {isa = PBXBuildFile; fileRef = 2A29F6EB25A81CC200D039B8 /* Filter.swift */; };
		2A36469F25AFDB8900AB3C3B /* Post.swift in Sources */ = {isa = PBXBuildFile; fileRef = 2A36469E25AFDB8900AB3C3B /* Post.swift */; };
		2A3646A625AFDBE100AB3C3B /* DBOperation.swift in Sources */ = {isa = PBXBuildFile; fileRef = 2A3646A525AFDBE100AB3C3B /* DBOperation.swift */; };
		2A7F805C25B91E0800FB1FC3 /* GoogleService-Info.plist in Resources */ = {isa = PBXBuildFile; fileRef = 2A7F805B25B91E0800FB1FC3 /* GoogleService-Info.plist */; };
		32041A8C261CEF9400A11E59 /* PhotoViewerViewController.swift in Sources */ = {isa = PBXBuildFile; fileRef = 32041A8B261CEF9400A11E59 /* PhotoViewerViewController.swift */; };
		320AD1FE261025C900FAF090 /* EditPostViewController.swift in Sources */ = {isa = PBXBuildFile; fileRef = 320AD1FD261025C900FAF090 /* EditPostViewController.swift */; };
		320F809A25E47AA800FBB40A /* MenuListController.swift in Sources */ = {isa = PBXBuildFile; fileRef = 320F809925E47AA800FBB40A /* MenuListController.swift */; };
		320F80A325E4C7C200FBB40A /* SignOutViewController.swift in Sources */ = {isa = PBXBuildFile; fileRef = 320F80A225E4C7C200FBB40A /* SignOutViewController.swift */; };
		3214694B25EB0EC500C8735C /* BaseVC.swift in Sources */ = {isa = PBXBuildFile; fileRef = 3214694A25EB0EC500C8735C /* BaseVC.swift */; };
		321E49352601AC7C0047A704 /* SearchMapController.swift in Sources */ = {isa = PBXBuildFile; fileRef = 321E49342601AC7C0047A704 /* SearchMapController.swift */; };
		321F67F925EC85E10098A866 /* String.swift in Sources */ = {isa = PBXBuildFile; fileRef = 321F67F825EC85E10098A866 /* String.swift */; };
		321F67FD25EC89EC0098A866 /* UIViewController.swift in Sources */ = {isa = PBXBuildFile; fileRef = 321F67FC25EC89EC0098A866 /* UIViewController.swift */; };
		321F680425EDB3480098A866 /* UITabBarController.swift in Sources */ = {isa = PBXBuildFile; fileRef = 321F680325EDB3480098A866 /* UITabBarController.swift */; };
		321F680925EDB9430098A866 /* TabAnimationView.swift in Sources */ = {isa = PBXBuildFile; fileRef = 321F680825EDB9430098A866 /* TabAnimationView.swift */; };
		3229849725C325B500E31EF9 /* UserVC.swift in Sources */ = {isa = PBXBuildFile; fileRef = 3229849625C325B500E31EF9 /* UserVC.swift */; };
		3229849A25C3274600E31EF9 /* PostVC.swift in Sources */ = {isa = PBXBuildFile; fileRef = 3229849925C3274600E31EF9 /* PostVC.swift */; };
		3229849D25C3276B00E31EF9 /* ChatVC.swift in Sources */ = {isa = PBXBuildFile; fileRef = 3229849C25C3276B00E31EF9 /* ChatVC.swift */; };
		3231EB4B261A2B8A000C4C0D /* MessageOperation.swift in Sources */ = {isa = PBXBuildFile; fileRef = 3231EB4A261A2B8A000C4C0D /* MessageOperation.swift */; };
		3233FBD625F964B900E0825B /* UIImage.swift in Sources */ = {isa = PBXBuildFile; fileRef = 3233FBD525F964B900E0825B /* UIImage.swift */; };
		3233FBDD25F9744800E0825B /* UIImageView.swift in Sources */ = {isa = PBXBuildFile; fileRef = 3233FBDC25F9744800E0825B /* UIImageView.swift */; };
		3233FBE625F98D4200E0825B /* circle-light-cropped2.gif in Resources */ = {isa = PBXBuildFile; fileRef = 3233FBE425F98D4200E0825B /* circle-light-cropped2.gif */; };
		3233FBED25F9E89E00E0825B /* FireStorage.swift in Sources */ = {isa = PBXBuildFile; fileRef = 3233FBEC25F9E89D00E0825B /* FireStorage.swift */; };
		323FDD99261B7D8B003C26B2 /* Message.swift in Sources */ = {isa = PBXBuildFile; fileRef = 323FDD98261B7D8B003C26B2 /* Message.swift */; };
		323FDDA2261B7F35003C26B2 /* Conversation.swift in Sources */ = {isa = PBXBuildFile; fileRef = 323FDDA1261B7F35003C26B2 /* Conversation.swift */; };
		324B708825FF15D000551BFD /* CheckBox.swift in Sources */ = {isa = PBXBuildFile; fileRef = 324B708725FF15D000551BFD /* CheckBox.swift */; };
		325E08FF26094B7300BA322F /* UIAlertController.swift in Sources */ = {isa = PBXBuildFile; fileRef = 325E08FE26094B7300BA322F /* UIAlertController.swift */; };
		326CAE8C260A974D000AA0DB /* ShadowButton.swift in Sources */ = {isa = PBXBuildFile; fileRef = 326CAE8B260A974D000AA0DB /* ShadowButton.swift */; };
		326DAE8226197CDD0065DD82 /* MessageViewController.swift in Sources */ = {isa = PBXBuildFile; fileRef = 326DAE8126197CDD0065DD82 /* MessageViewController.swift */; };
		329AFF30261CC04400B5723F /* MapViewController.swift in Sources */ = {isa = PBXBuildFile; fileRef = 329AFF2F261CC04400B5723F /* MapViewController.swift */; };
		329AFF33261CE77000B5723F /* ChatNavigationVC.swift in Sources */ = {isa = PBXBuildFile; fileRef = 329AFF32261CE77000B5723F /* ChatNavigationVC.swift */; };
		32A4838326065EB9006DB2EB /* PostOperation.swift in Sources */ = {isa = PBXBuildFile; fileRef = 32A4838226065EB9006DB2EB /* PostOperation.swift */; };
		32A4838D2606ED97006DB2EB /* Array.swift in Sources */ = {isa = PBXBuildFile; fileRef = 32A4838C2606ED97006DB2EB /* Array.swift */; };
		32A4B93025FFEFF9005DD281 /* Date.swift in Sources */ = {isa = PBXBuildFile; fileRef = 32A4B92F25FFEFF9005DD281 /* Date.swift */; };
		32A4B98226004B5C005DD281 /* ManageYourPost.swift in Sources */ = {isa = PBXBuildFile; fileRef = 32A4B98126004B5C005DD281 /* ManageYourPost.swift */; };
		32A4B98526004D6C005DD281 /* LocationViewController.swift in Sources */ = {isa = PBXBuildFile; fileRef = 32A4B98426004D6C005DD281 /* LocationViewController.swift */; };
		32C2E3A2260AFD3600ED88AF /* PostTableViewCell.swift in Sources */ = {isa = PBXBuildFile; fileRef = 32C2E3A1260AFD3600ED88AF /* PostTableViewCell.swift */; };
		32C2E3A6260C282D00ED88AF /* SendPostViewController.swift in Sources */ = {isa = PBXBuildFile; fileRef = 32C2E3A5260C282D00ED88AF /* SendPostViewController.swift */; };
		32D2FB5E2602B6B8003197E3 /* LocationManager.swift in Sources */ = {isa = PBXBuildFile; fileRef = 32D2FB5D2602B6B8003197E3 /* LocationManager.swift */; };
		32D6CD7326045081003956A5 /* UIView.swift in Sources */ = {isa = PBXBuildFile; fileRef = 32D6CD7226045081003956A5 /* UIView.swift */; };
		32D6CD7C260455A9003956A5 /* User.swift in Sources */ = {isa = PBXBuildFile; fileRef = 32D6CD7B260455A9003956A5 /* User.swift */; };
		32E73AA02602FDD0001DA6F7 /* ProfileViewController.swift in Sources */ = {isa = PBXBuildFile; fileRef = 32E73A9F2602FDD0001DA6F7 /* ProfileViewController.swift */; };
		32E7EE8C260E901700BC5110 /* ManagePostViewCell.swift in Sources */ = {isa = PBXBuildFile; fileRef = 32E7EE8B260E901700BC5110 /* ManagePostViewCell.swift */; };
		32FBF5A025C2784400F7C55E /* UserOperation.swift in Sources */ = {isa = PBXBuildFile; fileRef = 32FBF59F25C2784400F7C55E /* UserOperation.swift */; };
		32FDF17426157F2600EE0BD9 /* ViewPostController.swift in Sources */ = {isa = PBXBuildFile; fileRef = 32FDF17326157F2600EE0BD9 /* ViewPostController.swift */; };
		56A449B3F5ADF01E391793B2 /* Pods_aerie.framework in Frameworks */ = {isa = PBXBuildFile; fileRef = 94916B736F779DD7F1B96B6A /* Pods_aerie.framework */; };
		830C3D8F22E7523E001FA4E7 /* Constants.swift in Sources */ = {isa = PBXBuildFile; fileRef = 830C3D8E22E7523E001FA4E7 /* Constants.swift */; };
		8314D43322E644CC001D044A /* AppDelegate.swift in Sources */ = {isa = PBXBuildFile; fileRef = 8314D43222E644CC001D044A /* AppDelegate.swift */; };
		8314D43522E644CC001D044A /* SceneDelegate.swift in Sources */ = {isa = PBXBuildFile; fileRef = 8314D43422E644CC001D044A /* SceneDelegate.swift */; };
		8314D43722E644CC001D044A /* ViewController.swift in Sources */ = {isa = PBXBuildFile; fileRef = 8314D43622E644CC001D044A /* ViewController.swift */; };
		8314D43A22E644CC001D044A /* Main.storyboard in Resources */ = {isa = PBXBuildFile; fileRef = 8314D43822E644CC001D044A /* Main.storyboard */; };
		8314D43C22E644CD001D044A /* Assets.xcassets in Resources */ = {isa = PBXBuildFile; fileRef = 8314D43B22E644CD001D044A /* Assets.xcassets */; };
		8314D43F22E644CD001D044A /* LaunchScreen.storyboard in Resources */ = {isa = PBXBuildFile; fileRef = 8314D43D22E644CD001D044A /* LaunchScreen.storyboard */; };
		8314D44722E64515001D044A /* SignUpViewController.swift in Sources */ = {isa = PBXBuildFile; fileRef = 8314D44622E64515001D044A /* SignUpViewController.swift */; };
		8314D44B22E6452C001D044A /* HomeViewController.swift in Sources */ = {isa = PBXBuildFile; fileRef = 8314D44A22E6452C001D044A /* HomeViewController.swift */; };
/* End PBXBuildFile section */

/* Begin PBXContainerItemProxy section */
		2A29F6B925A807B600D039B8 /* PBXContainerItemProxy */ = {
			isa = PBXContainerItemProxy;
			containerPortal = 2AE0B3F425A7E14A00FF1F15 /* Pods.xcodeproj */;
			proxyType = 2;
			remoteGlobalIDString = BF96B57ADE05E8909F823BDF6868B3E3;
			remoteInfo = abseil;
		};
		2A29F6BB25A807B600D039B8 /* PBXContainerItemProxy */ = {
			isa = PBXContainerItemProxy;
			containerPortal = 2AE0B3F425A7E14A00FF1F15 /* Pods.xcodeproj */;
			proxyType = 2;
			remoteGlobalIDString = 3FD1B4C1246D643E9476438C28048FA8;
			remoteInfo = AppAuth;
		};
		2A29F6BD25A807B600D039B8 /* PBXContainerItemProxy */ = {
			isa = PBXContainerItemProxy;
			containerPortal = 2AE0B3F425A7E14A00FF1F15 /* Pods.xcodeproj */;
			proxyType = 2;
			remoteGlobalIDString = 8CC9178C366942FD6FF6A115604EAD58;
			remoteInfo = FirebaseCoreDiagnostics;
		};
		2A29F6BF25A807B600D039B8 /* PBXContainerItemProxy */ = {
			isa = PBXContainerItemProxy;
			containerPortal = 2AE0B3F425A7E14A00FF1F15 /* Pods.xcodeproj */;
			proxyType = 2;
			remoteGlobalIDString = 13C8C8B254851998F9289F71229B28A2;
			remoteInfo = FirebaseInstallations;
		};
		2A29F6C125A807B600D039B8 /* PBXContainerItemProxy */ = {
			isa = PBXContainerItemProxy;
			containerPortal = 2AE0B3F425A7E14A00FF1F15 /* Pods.xcodeproj */;
			proxyType = 2;
			remoteGlobalIDString = 856B5CD56F194FAD26EA91620B66D614;
			remoteInfo = GoogleDataTransport;
		};
		2A29F6C325A807B600D039B8 /* PBXContainerItemProxy */ = {
			isa = PBXContainerItemProxy;
			containerPortal = 2AE0B3F425A7E14A00FF1F15 /* Pods.xcodeproj */;
			proxyType = 2;
			remoteGlobalIDString = 9C7C87B5D0A6752AFA2642F1BCA967A3;
			remoteInfo = "gRPC-C++-gRPCCertificates-Cpp";
		};
		2A29F6C525A807B600D039B8 /* PBXContainerItemProxy */ = {
			isa = PBXContainerItemProxy;
			containerPortal = 2AE0B3F425A7E14A00FF1F15 /* Pods.xcodeproj */;
			proxyType = 2;
			remoteGlobalIDString = 6FD122EA0AB9AB2A8FFA5F676C795DF0;
			remoteInfo = GTMAppAuth;
		};
		2A29F6C725A807B600D039B8 /* PBXContainerItemProxy */ = {
			isa = PBXContainerItemProxy;
			containerPortal = 2AE0B3F425A7E14A00FF1F15 /* Pods.xcodeproj */;
			proxyType = 2;
			remoteGlobalIDString = 3347A1AB6546F0A3977529B8F199DC41;
			remoteInfo = PromisesObjC;
		};
		2AE0B40925A7E14B00FF1F15 /* PBXContainerItemProxy */ = {
			isa = PBXContainerItemProxy;
			containerPortal = 2AE0B3F425A7E14A00FF1F15 /* Pods.xcodeproj */;
			proxyType = 2;
			remoteGlobalIDString = 514D7742C6CBB0BDBD9984AEE97DDFDE;
			remoteInfo = "BoringSSL-GRPC";
		};
		2AE0B40B25A7E14B00FF1F15 /* PBXContainerItemProxy */ = {
			isa = PBXContainerItemProxy;
			containerPortal = 2AE0B3F425A7E14A00FF1F15 /* Pods.xcodeproj */;
			proxyType = 2;
			remoteGlobalIDString = 43B1E4CD7B30B9FD278100133C2AC788;
			remoteInfo = FirebaseAuth;
		};
		2AE0B40D25A7E14B00FF1F15 /* PBXContainerItemProxy */ = {
			isa = PBXContainerItemProxy;
			containerPortal = 2AE0B3F425A7E14A00FF1F15 /* Pods.xcodeproj */;
			proxyType = 2;
			remoteGlobalIDString = E2B63D462DB7F827C4B11FD51E4F8E2D;
			remoteInfo = FirebaseCore;
		};
		2AE0B40F25A7E14B00FF1F15 /* PBXContainerItemProxy */ = {
			isa = PBXContainerItemProxy;
			containerPortal = 2AE0B3F425A7E14A00FF1F15 /* Pods.xcodeproj */;
			proxyType = 2;
			remoteGlobalIDString = 92000153CD73F7FC2DBAB4AB708269F3;
			remoteInfo = FirebaseFirestore;
		};
		2AE0B41325A7E14B00FF1F15 /* PBXContainerItemProxy */ = {
			isa = PBXContainerItemProxy;
			containerPortal = 2AE0B3F425A7E14A00FF1F15 /* Pods.xcodeproj */;
			proxyType = 2;
			remoteGlobalIDString = B43874C6CBB50E7134FBEC24BABFE14F;
			remoteInfo = GoogleUtilities;
		};
		2AE0B41525A7E14B00FF1F15 /* PBXContainerItemProxy */ = {
			isa = PBXContainerItemProxy;
			containerPortal = 2AE0B3F425A7E14A00FF1F15 /* Pods.xcodeproj */;
			proxyType = 2;
			remoteGlobalIDString = 1911113E0FBF13CFF9132E5FF7685228;
			remoteInfo = "gRPC-C++";
		};
		2AE0B41925A7E14B00FF1F15 /* PBXContainerItemProxy */ = {
			isa = PBXContainerItemProxy;
			containerPortal = 2AE0B3F425A7E14A00FF1F15 /* Pods.xcodeproj */;
			proxyType = 2;
			remoteGlobalIDString = B471867C535B02FA55D87E260F6480F8;
			remoteInfo = "gRPC-Core";
		};
		2AE0B41B25A7E14B00FF1F15 /* PBXContainerItemProxy */ = {
			isa = PBXContainerItemProxy;
			containerPortal = 2AE0B3F425A7E14A00FF1F15 /* Pods.xcodeproj */;
			proxyType = 2;
			remoteGlobalIDString = C1998E0D8085221AD87F89B614C10E52;
			remoteInfo = GTMSessionFetcher;
		};
		2AE0B41D25A7E14B00FF1F15 /* PBXContainerItemProxy */ = {
			isa = PBXContainerItemProxy;
			containerPortal = 2AE0B3F425A7E14A00FF1F15 /* Pods.xcodeproj */;
			proxyType = 2;
			remoteGlobalIDString = 0A9F46A999C47653013D3AD854352507;
			remoteInfo = "leveldb-library";
		};
		2AE0B41F25A7E14B00FF1F15 /* PBXContainerItemProxy */ = {
			isa = PBXContainerItemProxy;
			containerPortal = 2AE0B3F425A7E14A00FF1F15 /* Pods.xcodeproj */;
			proxyType = 2;
			remoteGlobalIDString = 06FC5C9CF96D60C50FCD47D339C91951;
			remoteInfo = nanopb;
		};
		2AE0B42125A7E14B00FF1F15 /* PBXContainerItemProxy */ = {
			isa = PBXContainerItemProxy;
			containerPortal = 2AE0B3F425A7E14A00FF1F15 /* Pods.xcodeproj */;
			proxyType = 2;
			remoteGlobalIDString = ADE9E9F3AB08BE55A7B5AA06719284D5;
			remoteInfo = "Pods-aerie";
		};
		2AE0B43E25A7E15800FF1F15 /* PBXContainerItemProxy */ = {
			isa = PBXContainerItemProxy;
			containerPortal = 2AE0B3F425A7E14A00FF1F15 /* Pods.xcodeproj */;
			proxyType = 1;
			remoteGlobalIDString = 445FD4CB16BB7BEE2D1C404951CDE14A;
			remoteInfo = "BoringSSL-GRPC";
		};
		2AE0B44025A7E15800FF1F15 /* PBXContainerItemProxy */ = {
			isa = PBXContainerItemProxy;
			containerPortal = 2AE0B3F425A7E14A00FF1F15 /* Pods.xcodeproj */;
			proxyType = 1;
			remoteGlobalIDString = 072CEA044D2EF26F03496D5996BBF59F;
			remoteInfo = Firebase;
		};
		2AE0B44225A7E15800FF1F15 /* PBXContainerItemProxy */ = {
			isa = PBXContainerItemProxy;
			containerPortal = 2AE0B3F425A7E14A00FF1F15 /* Pods.xcodeproj */;
			proxyType = 1;
			remoteGlobalIDString = C49E7A4D59E5C8BE8DE9FB1EFB150185;
			remoteInfo = FirebaseAnalytics;
		};
		2AE0B44425A7E15800FF1F15 /* PBXContainerItemProxy */ = {
			isa = PBXContainerItemProxy;
			containerPortal = 2AE0B3F425A7E14A00FF1F15 /* Pods.xcodeproj */;
			proxyType = 1;
			remoteGlobalIDString = 6AE4A3D573DED275B034E20506596C62;
			remoteInfo = FirebaseAuth;
		};
		2AE0B44825A7E15800FF1F15 /* PBXContainerItemProxy */ = {
			isa = PBXContainerItemProxy;
			containerPortal = 2AE0B3F425A7E14A00FF1F15 /* Pods.xcodeproj */;
			proxyType = 1;
			remoteGlobalIDString = 4402AFF83DBDC4DD07E198685FDC2DF2;
			remoteInfo = FirebaseCore;
		};
		2AE0B44A25A7E15800FF1F15 /* PBXContainerItemProxy */ = {
			isa = PBXContainerItemProxy;
			containerPortal = 2AE0B3F425A7E14A00FF1F15 /* Pods.xcodeproj */;
			proxyType = 1;
			remoteGlobalIDString = DBA2B63E3A5FE83FE89E731664C9269F;
			remoteInfo = FirebaseFirestore;
		};
		2AE0B44E25A7E15800FF1F15 /* PBXContainerItemProxy */ = {
			isa = PBXContainerItemProxy;
			containerPortal = 2AE0B3F425A7E14A00FF1F15 /* Pods.xcodeproj */;
			proxyType = 1;
			remoteGlobalIDString = D676E21115185671D7258A56944ABE98;
			remoteInfo = GTMSessionFetcher;
		};
		2AE0B45025A7E15800FF1F15 /* PBXContainerItemProxy */ = {
			isa = PBXContainerItemProxy;
			containerPortal = 2AE0B3F425A7E14A00FF1F15 /* Pods.xcodeproj */;
			proxyType = 1;
			remoteGlobalIDString = B53D977A951AFC38B21751B706C1DF83;
			remoteInfo = GoogleAppMeasurement;
		};
		2AE0B45225A7E15800FF1F15 /* PBXContainerItemProxy */ = {
			isa = PBXContainerItemProxy;
			containerPortal = 2AE0B3F425A7E14A00FF1F15 /* Pods.xcodeproj */;
			proxyType = 1;
			remoteGlobalIDString = 8D7F5D5DD528D21A72DC87ADA5B12E2D;
			remoteInfo = GoogleUtilities;
		};
		2AE0B45425A7E15800FF1F15 /* PBXContainerItemProxy */ = {
			isa = PBXContainerItemProxy;
			containerPortal = 2AE0B3F425A7E14A00FF1F15 /* Pods.xcodeproj */;
			proxyType = 1;
			remoteGlobalIDString = B6BA94BA1142A83A9AFF064BF92773CB;
			remoteInfo = "Pods-aerie";
		};
		2AE0B45825A7E15800FF1F15 /* PBXContainerItemProxy */ = {
			isa = PBXContainerItemProxy;
			containerPortal = 2AE0B3F425A7E14A00FF1F15 /* Pods.xcodeproj */;
			proxyType = 1;
			remoteGlobalIDString = 1C5E43B0A9555E7C2E43A6D7C8A23CF6;
			remoteInfo = "gRPC-C++";
		};
		2AE0B45C25A7E15800FF1F15 /* PBXContainerItemProxy */ = {
			isa = PBXContainerItemProxy;
			containerPortal = 2AE0B3F425A7E14A00FF1F15 /* Pods.xcodeproj */;
			proxyType = 1;
			remoteGlobalIDString = 50F380A87A4FC4EC7EE3AC9BDADB6D2D;
			remoteInfo = "gRPC-Core";
		};
		2AE0B45E25A7E15800FF1F15 /* PBXContainerItemProxy */ = {
			isa = PBXContainerItemProxy;
			containerPortal = 2AE0B3F425A7E14A00FF1F15 /* Pods.xcodeproj */;
			proxyType = 1;
			remoteGlobalIDString = 9307B7A119490930CF70393AB529AAC1;
			remoteInfo = "leveldb-library";
		};
		2AE0B46025A7E15800FF1F15 /* PBXContainerItemProxy */ = {
			isa = PBXContainerItemProxy;
			containerPortal = 2AE0B3F425A7E14A00FF1F15 /* Pods.xcodeproj */;
			proxyType = 1;
			remoteGlobalIDString = D2B5E7DCCBBFB32341D857D01211A1A3;
			remoteInfo = nanopb;
		};
		321E49312601A6B10047A704 /* PBXContainerItemProxy */ = {
			isa = PBXContainerItemProxy;
			containerPortal = 2AE0B3F425A7E14A00FF1F15 /* Pods.xcodeproj */;
			proxyType = 2;
			remoteGlobalIDString = 6FAAB7D3DE9B2564509ABD18687E938E;
			remoteInfo = FloatingPanel;
		};
		322984C725C3419100E31EF9 /* PBXContainerItemProxy */ = {
			isa = PBXContainerItemProxy;
			containerPortal = 2AE0B3F425A7E14A00FF1F15 /* Pods.xcodeproj */;
			proxyType = 1;
			remoteGlobalIDString = 5C642AA10FB29936669CC269F42079C6;
			remoteInfo = AppAuth;
		};
		322984C925C3419100E31EF9 /* PBXContainerItemProxy */ = {
			isa = PBXContainerItemProxy;
			containerPortal = 2AE0B3F425A7E14A00FF1F15 /* Pods.xcodeproj */;
			proxyType = 1;
			remoteGlobalIDString = 620E05868772C10B4920DC7E324F2C87;
			remoteInfo = FirebaseCoreDiagnostics;
		};
		322984CB25C3419100E31EF9 /* PBXContainerItemProxy */ = {
			isa = PBXContainerItemProxy;
			containerPortal = 2AE0B3F425A7E14A00FF1F15 /* Pods.xcodeproj */;
			proxyType = 1;
			remoteGlobalIDString = 87803597EB3F20FC46472B85392EC4FD;
			remoteInfo = FirebaseInstallations;
		};
		322984CD25C3419100E31EF9 /* PBXContainerItemProxy */ = {
			isa = PBXContainerItemProxy;
			containerPortal = 2AE0B3F425A7E14A00FF1F15 /* Pods.xcodeproj */;
			proxyType = 1;
			remoteGlobalIDString = 8627999EF1D5E93E13DAFF580DA8CDCF;
			remoteInfo = GTMAppAuth;
		};
		322984CF25C3419100E31EF9 /* PBXContainerItemProxy */ = {
			isa = PBXContainerItemProxy;
			containerPortal = 2AE0B3F425A7E14A00FF1F15 /* Pods.xcodeproj */;
			proxyType = 1;
			remoteGlobalIDString = 5C0371EE948D0357B8EE0E34ABB44BF0;
			remoteInfo = GoogleDataTransport;
		};
		322984D525C3419100E31EF9 /* PBXContainerItemProxy */ = {
			isa = PBXContainerItemProxy;
			containerPortal = 2AE0B3F425A7E14A00FF1F15 /* Pods.xcodeproj */;
			proxyType = 1;
			remoteGlobalIDString = CAD3534FC55B0333104E5117C0A9A324;
			remoteInfo = GoogleSignIn;
		};
		322984D725C3419100E31EF9 /* PBXContainerItemProxy */ = {
			isa = PBXContainerItemProxy;
			containerPortal = 2AE0B3F425A7E14A00FF1F15 /* Pods.xcodeproj */;
			proxyType = 1;
			remoteGlobalIDString = 2BBF7206D7FAC92C82A042A99C4A98F8;
			remoteInfo = PromisesObjC;
		};
		322984D925C3419100E31EF9 /* PBXContainerItemProxy */ = {
			isa = PBXContainerItemProxy;
			containerPortal = 2AE0B3F425A7E14A00FF1F15 /* Pods.xcodeproj */;
			proxyType = 1;
			remoteGlobalIDString = 73CDC3D182DB953135F62609681B443D;
			remoteInfo = abseil;
		};
		322984DB25C3419100E31EF9 /* PBXContainerItemProxy */ = {
			isa = PBXContainerItemProxy;
			containerPortal = 2AE0B3F425A7E14A00FF1F15 /* Pods.xcodeproj */;
			proxyType = 1;
			remoteGlobalIDString = 3B8CAC3956E59F928387D0C6310E3B37;
			remoteInfo = "gRPC-C++-gRPCCertificates-Cpp";
		};
		3246E78C261C44CE00A1790E /* PBXContainerItemProxy */ = {
			isa = PBXContainerItemProxy;
			containerPortal = 2AE0B3F425A7E14A00FF1F15 /* Pods.xcodeproj */;
			proxyType = 2;
			remoteGlobalIDString = B0B214D775196BA7CA8E17E53048A493;
			remoteInfo = SDWebImage;
		};
		328F934425F4A79F008F6CF2 /* PBXContainerItemProxy */ = {
			isa = PBXContainerItemProxy;
			containerPortal = 2AE0B3F425A7E14A00FF1F15 /* Pods.xcodeproj */;
			proxyType = 2;
			remoteGlobalIDString = 9CF8FA5F01F446F01AAC7331075452AD;
			remoteInfo = FirebaseStorage;
		};
		32A4B97926004B27005DD281 /* PBXContainerItemProxy */ = {
			isa = PBXContainerItemProxy;
			containerPortal = 2AE0B3F425A7E14A00FF1F15 /* Pods.xcodeproj */;
			proxyType = 2;
			remoteGlobalIDString = B81513B0B3333500DFFB1B1B179FB571;
			remoteInfo = InputBarAccessoryView;
		};
		32A4B97B26004B27005DD281 /* PBXContainerItemProxy */ = {
			isa = PBXContainerItemProxy;
			containerPortal = 2AE0B3F425A7E14A00FF1F15 /* Pods.xcodeproj */;
			proxyType = 2;
			remoteGlobalIDString = 15A68A8F33BD9EB9AFD02465B0418BCF;
			remoteInfo = MessageKit;
		};
/* End PBXContainerItemProxy section */

/* Begin PBXFileReference section */
		266E92BF52F2752B81465D0D /* Pods-aerie.release.xcconfig */ = {isa = PBXFileReference; includeInIndex = 1; lastKnownFileType = text.xcconfig; name = "Pods-aerie.release.xcconfig"; path = "Target Support Files/Pods-aerie/Pods-aerie.release.xcconfig"; sourceTree = "<group>"; };
		2A29F66225A7F01300D039B8 /* Styler.swift */ = {isa = PBXFileReference; lastKnownFileType = sourcecode.swift; path = Styler.swift; sourceTree = "<group>"; };
		2A29F6EB25A81CC200D039B8 /* Filter.swift */ = {isa = PBXFileReference; lastKnownFileType = sourcecode.swift; path = Filter.swift; sourceTree = "<group>"; };
		2A36469E25AFDB8900AB3C3B /* Post.swift */ = {isa = PBXFileReference; lastKnownFileType = sourcecode.swift; path = Post.swift; sourceTree = "<group>"; };
		2A3646A525AFDBE100AB3C3B /* DBOperation.swift */ = {isa = PBXFileReference; lastKnownFileType = sourcecode.swift; path = DBOperation.swift; sourceTree = "<group>"; };
		2A7F805B25B91E0800FB1FC3 /* GoogleService-Info.plist */ = {isa = PBXFileReference; fileEncoding = 4; lastKnownFileType = text.plist.xml; path = "GoogleService-Info.plist"; sourceTree = "<group>"; };
		2AE0B3E525A7E14700FF1F15 /* GoogleAppMeasurement */ = {isa = PBXFileReference; lastKnownFileType = folder; name = GoogleAppMeasurement; path = Pods/GoogleAppMeasurement; sourceTree = "<group>"; };
		2AE0B3E625A7E14700FF1F15 /* Headers */ = {isa = PBXFileReference; lastKnownFileType = folder; name = Headers; path = Pods/Headers; sourceTree = "<group>"; };
		2AE0B3E725A7E14800FF1F15 /* leveldb-library */ = {isa = PBXFileReference; lastKnownFileType = folder; name = "leveldb-library"; path = "Pods/leveldb-library"; sourceTree = "<group>"; };
		2AE0B3E825A7E14800FF1F15 /* BoringSSL-GRPC */ = {isa = PBXFileReference; lastKnownFileType = folder; name = "BoringSSL-GRPC"; path = "Pods/BoringSSL-GRPC"; sourceTree = "<group>"; };
		2AE0B3E925A7E14800FF1F15 /* Manifest.lock */ = {isa = PBXFileReference; lastKnownFileType = text; name = Manifest.lock; path = Pods/Manifest.lock; sourceTree = "<group>"; };
		2AE0B3EC25A7E14800FF1F15 /* Firebase */ = {isa = PBXFileReference; lastKnownFileType = folder; name = Firebase; path = Pods/Firebase; sourceTree = "<group>"; };
		2AE0B3ED25A7E14800FF1F15 /* gRPC-Core */ = {isa = PBXFileReference; lastKnownFileType = folder; name = "gRPC-Core"; path = "Pods/gRPC-Core"; sourceTree = "<group>"; };
		2AE0B3EF25A7E14900FF1F15 /* FirebaseAuth */ = {isa = PBXFileReference; lastKnownFileType = folder; name = FirebaseAuth; path = Pods/FirebaseAuth; sourceTree = "<group>"; };
		2AE0B3F025A7E14900FF1F15 /* GoogleUtilities */ = {isa = PBXFileReference; lastKnownFileType = folder; name = GoogleUtilities; path = Pods/GoogleUtilities; sourceTree = "<group>"; };
		2AE0B3F125A7E14900FF1F15 /* gRPC-C++ */ = {isa = PBXFileReference; lastKnownFileType = folder; name = "gRPC-C++"; path = "Pods/gRPC-C++"; sourceTree = "<group>"; };
		2AE0B3F225A7E14900FF1F15 /* Local Podspecs */ = {isa = PBXFileReference; lastKnownFileType = folder; name = "Local Podspecs"; path = "Pods/Local Podspecs"; sourceTree = "<group>"; };
		2AE0B3F325A7E14900FF1F15 /* nanopb */ = {isa = PBXFileReference; lastKnownFileType = folder; name = nanopb; path = Pods/nanopb; sourceTree = "<group>"; };
		2AE0B3F425A7E14A00FF1F15 /* Pods.xcodeproj */ = {isa = PBXFileReference; lastKnownFileType = "wrapper.pb-project"; name = Pods.xcodeproj; path = Pods/Pods.xcodeproj; sourceTree = "<group>"; };
		2AE0B42525A7E14B00FF1F15 /* Target Support Files */ = {isa = PBXFileReference; lastKnownFileType = folder; name = "Target Support Files"; path = "Pods/Target Support Files"; sourceTree = "<group>"; };
		2AE0B42625A7E14B00FF1F15 /* FirebaseAnalytics */ = {isa = PBXFileReference; lastKnownFileType = folder; name = FirebaseAnalytics; path = Pods/FirebaseAnalytics; sourceTree = "<group>"; };
		2AE0B42725A7E14B00FF1F15 /* FirebaseCore */ = {isa = PBXFileReference; lastKnownFileType = folder; name = FirebaseCore; path = Pods/FirebaseCore; sourceTree = "<group>"; };
		2AE0B43B25A7E14C00FF1F15 /* FirebaseFirestore */ = {isa = PBXFileReference; lastKnownFileType = folder; name = FirebaseFirestore; path = Pods/FirebaseFirestore; sourceTree = "<group>"; };
		2AE0B43C25A7E14C00FF1F15 /* GTMSessionFetcher */ = {isa = PBXFileReference; lastKnownFileType = folder; name = GTMSessionFetcher; path = Pods/GTMSessionFetcher; sourceTree = "<group>"; };
		32041A8B261CEF9400A11E59 /* PhotoViewerViewController.swift */ = {isa = PBXFileReference; lastKnownFileType = sourcecode.swift; path = PhotoViewerViewController.swift; sourceTree = "<group>"; };
		320AD1FD261025C900FAF090 /* EditPostViewController.swift */ = {isa = PBXFileReference; lastKnownFileType = sourcecode.swift; path = EditPostViewController.swift; sourceTree = "<group>"; };
		320F809925E47AA800FBB40A /* MenuListController.swift */ = {isa = PBXFileReference; lastKnownFileType = sourcecode.swift; path = MenuListController.swift; sourceTree = "<group>"; };
		320F80A225E4C7C200FBB40A /* SignOutViewController.swift */ = {isa = PBXFileReference; lastKnownFileType = sourcecode.swift; path = SignOutViewController.swift; sourceTree = "<group>"; };
		3214694A25EB0EC500C8735C /* BaseVC.swift */ = {isa = PBXFileReference; lastKnownFileType = sourcecode.swift; path = BaseVC.swift; sourceTree = "<group>"; };
		321E49342601AC7C0047A704 /* SearchMapController.swift */ = {isa = PBXFileReference; lastKnownFileType = sourcecode.swift; path = SearchMapController.swift; sourceTree = "<group>"; };
		321F67F825EC85E10098A866 /* String.swift */ = {isa = PBXFileReference; lastKnownFileType = sourcecode.swift; path = String.swift; sourceTree = "<group>"; };
		321F67FC25EC89EC0098A866 /* UIViewController.swift */ = {isa = PBXFileReference; lastKnownFileType = sourcecode.swift; path = UIViewController.swift; sourceTree = "<group>"; };
		321F680325EDB3480098A866 /* UITabBarController.swift */ = {isa = PBXFileReference; lastKnownFileType = sourcecode.swift; path = UITabBarController.swift; sourceTree = "<group>"; };
		321F680825EDB9430098A866 /* TabAnimationView.swift */ = {isa = PBXFileReference; lastKnownFileType = sourcecode.swift; path = TabAnimationView.swift; sourceTree = "<group>"; };
		3229849625C325B500E31EF9 /* UserVC.swift */ = {isa = PBXFileReference; lastKnownFileType = sourcecode.swift; path = UserVC.swift; sourceTree = "<group>"; };
		3229849925C3274600E31EF9 /* PostVC.swift */ = {isa = PBXFileReference; lastKnownFileType = sourcecode.swift; path = PostVC.swift; sourceTree = "<group>"; };
		3229849C25C3276B00E31EF9 /* ChatVC.swift */ = {isa = PBXFileReference; lastKnownFileType = sourcecode.swift; path = ChatVC.swift; sourceTree = "<group>"; };
		3231EB4A261A2B8A000C4C0D /* MessageOperation.swift */ = {isa = PBXFileReference; lastKnownFileType = sourcecode.swift; path = MessageOperation.swift; sourceTree = "<group>"; };
		3233FBD525F964B900E0825B /* UIImage.swift */ = {isa = PBXFileReference; lastKnownFileType = sourcecode.swift; path = UIImage.swift; sourceTree = "<group>"; };
		3233FBDC25F9744800E0825B /* UIImageView.swift */ = {isa = PBXFileReference; lastKnownFileType = sourcecode.swift; path = UIImageView.swift; sourceTree = "<group>"; };
		3233FBE425F98D4200E0825B /* circle-light-cropped2.gif */ = {isa = PBXFileReference; lastKnownFileType = image.gif; name = "circle-light-cropped2.gif"; path = "aerie/circle-light-cropped2.gif"; sourceTree = "<group>"; };
		3233FBEC25F9E89D00E0825B /* FireStorage.swift */ = {isa = PBXFileReference; lastKnownFileType = sourcecode.swift; path = FireStorage.swift; sourceTree = "<group>"; };
		323FDD98261B7D8B003C26B2 /* Message.swift */ = {isa = PBXFileReference; lastKnownFileType = sourcecode.swift; path = Message.swift; sourceTree = "<group>"; };
		323FDDA1261B7F35003C26B2 /* Conversation.swift */ = {isa = PBXFileReference; lastKnownFileType = sourcecode.swift; path = Conversation.swift; sourceTree = "<group>"; };
		324B708725FF15D000551BFD /* CheckBox.swift */ = {isa = PBXFileReference; lastKnownFileType = sourcecode.swift; path = CheckBox.swift; sourceTree = "<group>"; };
		325E08FE26094B7300BA322F /* UIAlertController.swift */ = {isa = PBXFileReference; lastKnownFileType = sourcecode.swift; path = UIAlertController.swift; sourceTree = "<group>"; };
		326CAE8B260A974D000AA0DB /* ShadowButton.swift */ = {isa = PBXFileReference; lastKnownFileType = sourcecode.swift; path = ShadowButton.swift; sourceTree = "<group>"; };
		326DAE8126197CDD0065DD82 /* MessageViewController.swift */ = {isa = PBXFileReference; lastKnownFileType = sourcecode.swift; path = MessageViewController.swift; sourceTree = "<group>"; };
		329AFF2F261CC04400B5723F /* MapViewController.swift */ = {isa = PBXFileReference; fileEncoding = 4; lastKnownFileType = sourcecode.swift; path = MapViewController.swift; sourceTree = "<group>"; };
		329AFF32261CE77000B5723F /* ChatNavigationVC.swift */ = {isa = PBXFileReference; lastKnownFileType = sourcecode.swift; path = ChatNavigationVC.swift; sourceTree = "<group>"; };
		32A4838226065EB9006DB2EB /* PostOperation.swift */ = {isa = PBXFileReference; lastKnownFileType = sourcecode.swift; path = PostOperation.swift; sourceTree = "<group>"; };
		32A4838C2606ED97006DB2EB /* Array.swift */ = {isa = PBXFileReference; lastKnownFileType = sourcecode.swift; path = Array.swift; sourceTree = "<group>"; };
		32A4B92F25FFEFF9005DD281 /* Date.swift */ = {isa = PBXFileReference; lastKnownFileType = sourcecode.swift; path = Date.swift; sourceTree = "<group>"; };
		32A4B98126004B5C005DD281 /* ManageYourPost.swift */ = {isa = PBXFileReference; lastKnownFileType = sourcecode.swift; path = ManageYourPost.swift; sourceTree = "<group>"; };
		32A4B98426004D6C005DD281 /* LocationViewController.swift */ = {isa = PBXFileReference; lastKnownFileType = sourcecode.swift; path = LocationViewController.swift; sourceTree = "<group>"; };
		32C2E3A1260AFD3600ED88AF /* PostTableViewCell.swift */ = {isa = PBXFileReference; lastKnownFileType = sourcecode.swift; path = PostTableViewCell.swift; sourceTree = "<group>"; };
		32C2E3A5260C282D00ED88AF /* SendPostViewController.swift */ = {isa = PBXFileReference; lastKnownFileType = sourcecode.swift; path = SendPostViewController.swift; sourceTree = "<group>"; };
		32D2FB5D2602B6B8003197E3 /* LocationManager.swift */ = {isa = PBXFileReference; lastKnownFileType = sourcecode.swift; path = LocationManager.swift; sourceTree = "<group>"; };
		32D6CD7226045081003956A5 /* UIView.swift */ = {isa = PBXFileReference; lastKnownFileType = sourcecode.swift; path = UIView.swift; sourceTree = "<group>"; };
		32D6CD7B260455A9003956A5 /* User.swift */ = {isa = PBXFileReference; lastKnownFileType = sourcecode.swift; path = User.swift; sourceTree = "<group>"; };
		32E73A9F2602FDD0001DA6F7 /* ProfileViewController.swift */ = {isa = PBXFileReference; lastKnownFileType = sourcecode.swift; path = ProfileViewController.swift; sourceTree = "<group>"; };
		32E7EE8B260E901700BC5110 /* ManagePostViewCell.swift */ = {isa = PBXFileReference; lastKnownFileType = sourcecode.swift; path = ManagePostViewCell.swift; sourceTree = "<group>"; };
		32FBF59F25C2784400F7C55E /* UserOperation.swift */ = {isa = PBXFileReference; lastKnownFileType = sourcecode.swift; path = UserOperation.swift; sourceTree = "<group>"; };
		32FDF17326157F2600EE0BD9 /* ViewPostController.swift */ = {isa = PBXFileReference; lastKnownFileType = sourcecode.swift; path = ViewPostController.swift; sourceTree = "<group>"; };
		830C3D8E22E7523E001FA4E7 /* Constants.swift */ = {isa = PBXFileReference; lastKnownFileType = sourcecode.swift; path = Constants.swift; sourceTree = "<group>"; };
		8314D42F22E644CC001D044A /* aerie.app */ = {isa = PBXFileReference; explicitFileType = wrapper.application; includeInIndex = 0; path = aerie.app; sourceTree = BUILT_PRODUCTS_DIR; };
		8314D43222E644CC001D044A /* AppDelegate.swift */ = {isa = PBXFileReference; lastKnownFileType = sourcecode.swift; path = AppDelegate.swift; sourceTree = "<group>"; };
		8314D43422E644CC001D044A /* SceneDelegate.swift */ = {isa = PBXFileReference; lastKnownFileType = sourcecode.swift; path = SceneDelegate.swift; sourceTree = "<group>"; };
		8314D43622E644CC001D044A /* ViewController.swift */ = {isa = PBXFileReference; lastKnownFileType = sourcecode.swift; path = ViewController.swift; sourceTree = "<group>"; };
		8314D43922E644CC001D044A /* Base */ = {isa = PBXFileReference; lastKnownFileType = file.storyboard; name = Base; path = Base.lproj/Main.storyboard; sourceTree = "<group>"; };
		8314D43B22E644CD001D044A /* Assets.xcassets */ = {isa = PBXFileReference; lastKnownFileType = folder.assetcatalog; path = Assets.xcassets; sourceTree = "<group>"; };
		8314D43E22E644CD001D044A /* Base */ = {isa = PBXFileReference; lastKnownFileType = file.storyboard; name = Base; path = Base.lproj/LaunchScreen.storyboard; sourceTree = "<group>"; };
		8314D44022E644CD001D044A /* Info.plist */ = {isa = PBXFileReference; lastKnownFileType = text.plist.xml; path = Info.plist; sourceTree = "<group>"; };
		8314D44622E64515001D044A /* SignUpViewController.swift */ = {isa = PBXFileReference; lastKnownFileType = sourcecode.swift; path = SignUpViewController.swift; sourceTree = "<group>"; };
		8314D44A22E6452C001D044A /* HomeViewController.swift */ = {isa = PBXFileReference; lastKnownFileType = sourcecode.swift; path = HomeViewController.swift; sourceTree = "<group>"; };
		94916B736F779DD7F1B96B6A /* Pods_aerie.framework */ = {isa = PBXFileReference; explicitFileType = wrapper.framework; includeInIndex = 0; path = Pods_aerie.framework; sourceTree = BUILT_PRODUCTS_DIR; };
		ACB20647BFB76A962B3E918B /* Pods-aerie.debug.xcconfig */ = {isa = PBXFileReference; includeInIndex = 1; lastKnownFileType = text.xcconfig; name = "Pods-aerie.debug.xcconfig"; path = "Target Support Files/Pods-aerie/Pods-aerie.debug.xcconfig"; sourceTree = "<group>"; };
/* End PBXFileReference section */

/* Begin PBXFrameworksBuildPhase section */
		8314D42C22E644CC001D044A /* Frameworks */ = {
			isa = PBXFrameworksBuildPhase;
			buildActionMask = 2147483647;
			files = (
				56A449B3F5ADF01E391793B2 /* Pods_aerie.framework in Frameworks */,
			);
			runOnlyForDeploymentPostprocessing = 0;
		};
/* End PBXFrameworksBuildPhase section */

/* Begin PBXGroup section */
		256061AB78805D7F9BD3C3ED /* Pods */ = {
			isa = PBXGroup;
			children = (
				ACB20647BFB76A962B3E918B /* Pods-aerie.debug.xcconfig */,
				266E92BF52F2752B81465D0D /* Pods-aerie.release.xcconfig */,
			);
			path = Pods;
			sourceTree = "<group>";
		};
		2A29F66925A7FAA600D039B8 /* Database */ = {
			isa = PBXGroup;
			children = (
				2A29F6EB25A81CC200D039B8 /* Filter.swift */,
				2A3646A525AFDBE100AB3C3B /* DBOperation.swift */,
				32FBF59F25C2784400F7C55E /* UserOperation.swift */,
				3233FBEC25F9E89D00E0825B /* FireStorage.swift */,
				32A4838226065EB9006DB2EB /* PostOperation.swift */,
				3231EB4A261A2B8A000C4C0D /* MessageOperation.swift */,
			);
			path = Database;
			sourceTree = "<group>";
		};
		2A29F66A25A7FAB400D039B8 /* Model */ = {
			isa = PBXGroup;
			children = (
				2A36469E25AFDB8900AB3C3B /* Post.swift */,
				324B708725FF15D000551BFD /* CheckBox.swift */,
				32D6CD7B260455A9003956A5 /* User.swift */,
				323FDD98261B7D8B003C26B2 /* Message.swift */,
				323FDDA1261B7F35003C26B2 /* Conversation.swift */,
			);
			path = Model;
			sourceTree = "<group>";
		};
		2AE0B3F525A7E14A00FF1F15 /* Products */ = {
			isa = PBXGroup;
			children = (
				2A29F6BA25A807B600D039B8 /* absl.framework */,
				2A29F6BC25A807B600D039B8 /* AppAuth.framework */,
				2AE0B40A25A7E14B00FF1F15 /* openssl_grpc.framework */,
				2AE0B40C25A7E14B00FF1F15 /* FirebaseAuth.framework */,
				2AE0B40E25A7E14B00FF1F15 /* FirebaseCore.framework */,
				2A29F6BE25A807B600D039B8 /* FirebaseCoreDiagnostics.framework */,
				2AE0B41025A7E14B00FF1F15 /* FirebaseFirestore.framework */,
				2A29F6C025A807B600D039B8 /* FirebaseInstallations.framework */,
				328F934525F4A79F008F6CF2 /* FirebaseStorage.framework */,
				321E49322601A6B10047A704 /* FloatingPanel.framework */,
				2A29F6C225A807B600D039B8 /* GoogleDataTransport.framework */,
				2AE0B41425A7E14B00FF1F15 /* GoogleUtilities.framework */,
				2AE0B41625A7E14B00FF1F15 /* grpcpp.framework */,
				2A29F6C425A807B600D039B8 /* gRPCCertificates-Cpp.bundle */,
				2AE0B41A25A7E14B00FF1F15 /* grpc.framework */,
				2A29F6C625A807B600D039B8 /* GTMAppAuth.framework */,
				2AE0B41C25A7E14B00FF1F15 /* GTMSessionFetcher.framework */,
				32A4B97A26004B27005DD281 /* InputBarAccessoryView.framework */,
				2AE0B41E25A7E14B00FF1F15 /* leveldb.framework */,
				32A4B97C26004B27005DD281 /* MessageKit.framework */,
				2AE0B42025A7E14B00FF1F15 /* nanopb.framework */,
				2AE0B42225A7E14B00FF1F15 /* Pods_aerie.framework */,
				2A29F6C825A807B600D039B8 /* FBLPromises.framework */,
				3246E78D261C44CE00A1790E /* SDWebImage.framework */,
			);
			name = Products;
			sourceTree = "<group>";
		};
		3214693C25EAE2E600C8735C /* UserProfile */ = {
			isa = PBXGroup;
			children = (
				320F80A225E4C7C200FBB40A /* SignOutViewController.swift */,
				320F809925E47AA800FBB40A /* MenuListController.swift */,
				32E73A9F2602FDD0001DA6F7 /* ProfileViewController.swift */,
			);
			path = UserProfile;
			sourceTree = "<group>";
		};
		3214693F25EAE34200C8735C /* ViewControllers */ = {
			isa = PBXGroup;
			children = (
				8314D44A22E6452C001D044A /* HomeViewController.swift */,
				3229849925C3274600E31EF9 /* PostVC.swift */,
				3229849625C325B500E31EF9 /* UserVC.swift */,
				3229849C25C3276B00E31EF9 /* ChatVC.swift */,
				3214694A25EB0EC500C8735C /* BaseVC.swift */,
			);
			path = ViewControllers;
			sourceTree = "<group>";
		};
		326DAE7A26197CC40065DD82 /* Chatting */ = {
			isa = PBXGroup;
			children = (
				326DAE8126197CDD0065DD82 /* MessageViewController.swift */,
				329AFF32261CE77000B5723F /* ChatNavigationVC.swift */,
				32041A8B261CEF9400A11E59 /* PhotoViewerViewController.swift */,
			);
			path = Chatting;
			sourceTree = "<group>";
		};
		32A4B97326004B27005DD281 /* SettingControl */ = {
			isa = PBXGroup;
			children = (
				329AFF2F261CC04400B5723F /* MapViewController.swift */,
				32A4B98126004B5C005DD281 /* ManageYourPost.swift */,
				32A4B98426004D6C005DD281 /* LocationViewController.swift */,
				321E49342601AC7C0047A704 /* SearchMapController.swift */,
				32D2FB5D2602B6B8003197E3 /* LocationManager.swift */,
			);
			path = SettingControl;
			sourceTree = "<group>";
		};
		32C2E39A260AFCEB00ED88AF /* Postings */ = {
			isa = PBXGroup;
			children = (
				32C2E3A1260AFD3600ED88AF /* PostTableViewCell.swift */,
				32C2E3A5260C282D00ED88AF /* SendPostViewController.swift */,
				32E7EE8B260E901700BC5110 /* ManagePostViewCell.swift */,
				320AD1FD261025C900FAF090 /* EditPostViewController.swift */,
				32FDF17326157F2600EE0BD9 /* ViewPostController.swift */,
			);
			path = Postings;
			sourceTree = "<group>";
		};
		4BB4075EEC3AE105084101BD /* Frameworks */ = {
			isa = PBXGroup;
			children = (
				2AE0B3E825A7E14800FF1F15 /* BoringSSL-GRPC */,
				2AE0B3EC25A7E14800FF1F15 /* Firebase */,
				2AE0B42625A7E14B00FF1F15 /* FirebaseAnalytics */,
				2AE0B3EF25A7E14900FF1F15 /* FirebaseAuth */,
				2AE0B42725A7E14B00FF1F15 /* FirebaseCore */,
				2AE0B43B25A7E14C00FF1F15 /* FirebaseFirestore */,
				2AE0B3E525A7E14700FF1F15 /* GoogleAppMeasurement */,
				2AE0B3F025A7E14900FF1F15 /* GoogleUtilities */,
				2AE0B3F125A7E14900FF1F15 /* gRPC-C++ */,
				2AE0B3ED25A7E14800FF1F15 /* gRPC-Core */,
				2AE0B43C25A7E14C00FF1F15 /* GTMSessionFetcher */,
				2AE0B3E625A7E14700FF1F15 /* Headers */,
				2AE0B3E725A7E14800FF1F15 /* leveldb-library */,
				2AE0B3F225A7E14900FF1F15 /* Local Podspecs */,
				2AE0B3E925A7E14800FF1F15 /* Manifest.lock */,
				2AE0B3F325A7E14900FF1F15 /* nanopb */,
				2AE0B3F425A7E14A00FF1F15 /* Pods.xcodeproj */,
				2AE0B42525A7E14B00FF1F15 /* Target Support Files */,
				94916B736F779DD7F1B96B6A /* Pods_aerie.framework */,
			);
			name = Frameworks;
			sourceTree = "<group>";
		};
		8314D42622E644CC001D044A = {
			isa = PBXGroup;
			children = (
				3233FBE425F98D4200E0825B /* circle-light-cropped2.gif */,
				8314D43122E644CC001D044A /* aerie */,
				8314D43022E644CC001D044A /* Products */,
				256061AB78805D7F9BD3C3ED /* Pods */,
				4BB4075EEC3AE105084101BD /* Frameworks */,
			);
			sourceTree = "<group>";
		};
		8314D43022E644CC001D044A /* Products */ = {
			isa = PBXGroup;
			children = (
				8314D42F22E644CC001D044A /* aerie.app */,
			);
			name = Products;
			sourceTree = "<group>";
		};
		8314D43122E644CC001D044A /* aerie */ = {
			isa = PBXGroup;
			children = (
				326DAE7A26197CC40065DD82 /* Chatting */,
				32C2E39A260AFCEB00ED88AF /* Postings */,
				32A4B97326004B27005DD281 /* SettingControl */,
				3214693F25EAE34200C8735C /* ViewControllers */,
				3214693C25EAE2E600C8735C /* UserProfile */,
				2A7F805B25B91E0800FB1FC3 /* GoogleService-Info.plist */,
				2A29F66A25A7FAB400D039B8 /* Model */,
				2A29F66925A7FAA600D039B8 /* Database */,
				8314D43222E644CC001D044A /* AppDelegate.swift */,
				8314D43422E644CC001D044A /* SceneDelegate.swift */,
				8397D20F22E64A7D00CB78DD /* Helpers */,
				8314D44C22E64531001D044A /* Authentiacation */,
				8314D43822E644CC001D044A /* Main.storyboard */,
				8314D43B22E644CD001D044A /* Assets.xcassets */,
				8314D43D22E644CD001D044A /* LaunchScreen.storyboard */,
				8314D44022E644CD001D044A /* Info.plist */,
			);
			path = aerie;
			sourceTree = "<group>";
		};
		8314D44C22E64531001D044A /* Authentiacation */ = {
			isa = PBXGroup;
			children = (
				8314D44622E64515001D044A /* SignUpViewController.swift */,
				8314D43622E644CC001D044A /* ViewController.swift */,
			);
			path = Authentiacation;
			sourceTree = "<group>";
		};
		8397D20F22E64A7D00CB78DD /* Helpers */ = {
			isa = PBXGroup;
			children = (
				830C3D8E22E7523E001FA4E7 /* Constants.swift */,
				2A29F66225A7F01300D039B8 /* Styler.swift */,
				321F67F825EC85E10098A866 /* String.swift */,
				321F67FC25EC89EC0098A866 /* UIViewController.swift */,
				321F680325EDB3480098A866 /* UITabBarController.swift */,
				321F680825EDB9430098A866 /* TabAnimationView.swift */,
				3233FBD525F964B900E0825B /* UIImage.swift */,
				3233FBDC25F9744800E0825B /* UIImageView.swift */,
				32A4B92F25FFEFF9005DD281 /* Date.swift */,
				32D6CD7226045081003956A5 /* UIView.swift */,
				32A4838C2606ED97006DB2EB /* Array.swift */,
				325E08FE26094B7300BA322F /* UIAlertController.swift */,
				326CAE8B260A974D000AA0DB /* ShadowButton.swift */,
			);
			path = Helpers;
			sourceTree = "<group>";
		};
/* End PBXGroup section */

/* Begin PBXNativeTarget section */
		8314D42E22E644CC001D044A /* aerie */ = {
			isa = PBXNativeTarget;
			buildConfigurationList = 8314D44322E644CD001D044A /* Build configuration list for PBXNativeTarget "aerie" */;
			buildPhases = (
				96261C93D747DB12A9B86BBA /* [CP] Check Pods Manifest.lock */,
				8314D42B22E644CC001D044A /* Sources */,
				8314D42C22E644CC001D044A /* Frameworks */,
				8314D42D22E644CC001D044A /* Resources */,
				7D48E628917999722CE92F9E /* [CP] Embed Pods Frameworks */,
				0926ACEAD9A9DC1AF737BE4D /* [CP] Copy Pods Resources */,
			);
			buildRules = (
			);
			dependencies = (
				322984C825C3419100E31EF9 /* PBXTargetDependency */,
				2AE0B43F25A7E15800FF1F15 /* PBXTargetDependency */,
				2AE0B44125A7E15800FF1F15 /* PBXTargetDependency */,
				2AE0B44325A7E15800FF1F15 /* PBXTargetDependency */,
				2AE0B44525A7E15800FF1F15 /* PBXTargetDependency */,
				2AE0B44925A7E15800FF1F15 /* PBXTargetDependency */,
				322984CA25C3419100E31EF9 /* PBXTargetDependency */,
				2AE0B44B25A7E15800FF1F15 /* PBXTargetDependency */,
				322984CC25C3419100E31EF9 /* PBXTargetDependency */,
				322984CE25C3419100E31EF9 /* PBXTargetDependency */,
				2AE0B44F25A7E15800FF1F15 /* PBXTargetDependency */,
				2AE0B45125A7E15800FF1F15 /* PBXTargetDependency */,
				322984D025C3419100E31EF9 /* PBXTargetDependency */,
				322984D625C3419100E31EF9 /* PBXTargetDependency */,
				2AE0B45325A7E15800FF1F15 /* PBXTargetDependency */,
				2AE0B45525A7E15800FF1F15 /* PBXTargetDependency */,
				322984D825C3419100E31EF9 /* PBXTargetDependency */,
				322984DA25C3419100E31EF9 /* PBXTargetDependency */,
				2AE0B45925A7E15800FF1F15 /* PBXTargetDependency */,
				322984DC25C3419100E31EF9 /* PBXTargetDependency */,
				2AE0B45D25A7E15800FF1F15 /* PBXTargetDependency */,
				2AE0B45F25A7E15800FF1F15 /* PBXTargetDependency */,
				2AE0B46125A7E15800FF1F15 /* PBXTargetDependency */,
			);
			name = aerie;
			productName = aerie;
			productReference = 8314D42F22E644CC001D044A /* aerie.app */;
			productType = "com.apple.product-type.application";
		};
/* End PBXNativeTarget section */

/* Begin PBXProject section */
		8314D42722E644CC001D044A /* Project object */ = {
			isa = PBXProject;
			attributes = {
				LastSwiftUpdateCheck = 1100;
				LastUpgradeCheck = 1240;
				ORGANIZATIONNAME = "Christopher Ching";
				TargetAttributes = {
					8314D42E22E644CC001D044A = {
						CreatedOnToolsVersion = 11.0;
					};
				};
			};
			buildConfigurationList = 8314D42A22E644CC001D044A /* Build configuration list for PBXProject "aerie" */;
			compatibilityVersion = "Xcode 9.3";
			developmentRegion = en;
			hasScannedForEncodings = 0;
			knownRegions = (
				en,
				Base,
			);
			mainGroup = 8314D42622E644CC001D044A;
			productRefGroup = 8314D43022E644CC001D044A /* Products */;
			projectDirPath = "";
			projectReferences = (
				{
					ProductGroup = 2AE0B3F525A7E14A00FF1F15 /* Products */;
					ProjectRef = 2AE0B3F425A7E14A00FF1F15 /* Pods.xcodeproj */;
				},
			);
			projectRoot = "";
			targets = (
				8314D42E22E644CC001D044A /* aerie */,
			);
		};
/* End PBXProject section */

/* Begin PBXReferenceProxy section */
		2A29F6BA25A807B600D039B8 /* absl.framework */ = {
			isa = PBXReferenceProxy;
			fileType = wrapper.framework;
			path = absl.framework;
			remoteRef = 2A29F6B925A807B600D039B8 /* PBXContainerItemProxy */;
			sourceTree = BUILT_PRODUCTS_DIR;
		};
		2A29F6BC25A807B600D039B8 /* AppAuth.framework */ = {
			isa = PBXReferenceProxy;
			fileType = wrapper.framework;
			path = AppAuth.framework;
			remoteRef = 2A29F6BB25A807B600D039B8 /* PBXContainerItemProxy */;
			sourceTree = BUILT_PRODUCTS_DIR;
		};
		2A29F6BE25A807B600D039B8 /* FirebaseCoreDiagnostics.framework */ = {
			isa = PBXReferenceProxy;
			fileType = wrapper.framework;
			path = FirebaseCoreDiagnostics.framework;
			remoteRef = 2A29F6BD25A807B600D039B8 /* PBXContainerItemProxy */;
			sourceTree = BUILT_PRODUCTS_DIR;
		};
		2A29F6C025A807B600D039B8 /* FirebaseInstallations.framework */ = {
			isa = PBXReferenceProxy;
			fileType = wrapper.framework;
			path = FirebaseInstallations.framework;
			remoteRef = 2A29F6BF25A807B600D039B8 /* PBXContainerItemProxy */;
			sourceTree = BUILT_PRODUCTS_DIR;
		};
		2A29F6C225A807B600D039B8 /* GoogleDataTransport.framework */ = {
			isa = PBXReferenceProxy;
			fileType = wrapper.framework;
			path = GoogleDataTransport.framework;
			remoteRef = 2A29F6C125A807B600D039B8 /* PBXContainerItemProxy */;
			sourceTree = BUILT_PRODUCTS_DIR;
		};
		2A29F6C425A807B600D039B8 /* gRPCCertificates-Cpp.bundle */ = {
			isa = PBXReferenceProxy;
			fileType = wrapper.cfbundle;
			path = "gRPCCertificates-Cpp.bundle";
			remoteRef = 2A29F6C325A807B600D039B8 /* PBXContainerItemProxy */;
			sourceTree = BUILT_PRODUCTS_DIR;
		};
		2A29F6C625A807B600D039B8 /* GTMAppAuth.framework */ = {
			isa = PBXReferenceProxy;
			fileType = wrapper.framework;
			path = GTMAppAuth.framework;
			remoteRef = 2A29F6C525A807B600D039B8 /* PBXContainerItemProxy */;
			sourceTree = BUILT_PRODUCTS_DIR;
		};
		2A29F6C825A807B600D039B8 /* FBLPromises.framework */ = {
			isa = PBXReferenceProxy;
			fileType = wrapper.framework;
			path = FBLPromises.framework;
			remoteRef = 2A29F6C725A807B600D039B8 /* PBXContainerItemProxy */;
			sourceTree = BUILT_PRODUCTS_DIR;
		};
		2AE0B40A25A7E14B00FF1F15 /* openssl_grpc.framework */ = {
			isa = PBXReferenceProxy;
			fileType = wrapper.framework;
			path = openssl_grpc.framework;
			remoteRef = 2AE0B40925A7E14B00FF1F15 /* PBXContainerItemProxy */;
			sourceTree = BUILT_PRODUCTS_DIR;
		};
		2AE0B40C25A7E14B00FF1F15 /* FirebaseAuth.framework */ = {
			isa = PBXReferenceProxy;
			fileType = wrapper.framework;
			path = FirebaseAuth.framework;
			remoteRef = 2AE0B40B25A7E14B00FF1F15 /* PBXContainerItemProxy */;
			sourceTree = BUILT_PRODUCTS_DIR;
		};
		2AE0B40E25A7E14B00FF1F15 /* FirebaseCore.framework */ = {
			isa = PBXReferenceProxy;
			fileType = wrapper.framework;
			path = FirebaseCore.framework;
			remoteRef = 2AE0B40D25A7E14B00FF1F15 /* PBXContainerItemProxy */;
			sourceTree = BUILT_PRODUCTS_DIR;
		};
		2AE0B41025A7E14B00FF1F15 /* FirebaseFirestore.framework */ = {
			isa = PBXReferenceProxy;
			fileType = wrapper.framework;
			path = FirebaseFirestore.framework;
			remoteRef = 2AE0B40F25A7E14B00FF1F15 /* PBXContainerItemProxy */;
			sourceTree = BUILT_PRODUCTS_DIR;
		};
		2AE0B41425A7E14B00FF1F15 /* GoogleUtilities.framework */ = {
			isa = PBXReferenceProxy;
			fileType = wrapper.framework;
			path = GoogleUtilities.framework;
			remoteRef = 2AE0B41325A7E14B00FF1F15 /* PBXContainerItemProxy */;
			sourceTree = BUILT_PRODUCTS_DIR;
		};
		2AE0B41625A7E14B00FF1F15 /* grpcpp.framework */ = {
			isa = PBXReferenceProxy;
			fileType = wrapper.framework;
			path = grpcpp.framework;
			remoteRef = 2AE0B41525A7E14B00FF1F15 /* PBXContainerItemProxy */;
			sourceTree = BUILT_PRODUCTS_DIR;
		};
		2AE0B41A25A7E14B00FF1F15 /* grpc.framework */ = {
			isa = PBXReferenceProxy;
			fileType = wrapper.framework;
			path = grpc.framework;
			remoteRef = 2AE0B41925A7E14B00FF1F15 /* PBXContainerItemProxy */;
			sourceTree = BUILT_PRODUCTS_DIR;
		};
		2AE0B41C25A7E14B00FF1F15 /* GTMSessionFetcher.framework */ = {
			isa = PBXReferenceProxy;
			fileType = wrapper.framework;
			path = GTMSessionFetcher.framework;
			remoteRef = 2AE0B41B25A7E14B00FF1F15 /* PBXContainerItemProxy */;
			sourceTree = BUILT_PRODUCTS_DIR;
		};
		2AE0B41E25A7E14B00FF1F15 /* leveldb.framework */ = {
			isa = PBXReferenceProxy;
			fileType = wrapper.framework;
			path = leveldb.framework;
			remoteRef = 2AE0B41D25A7E14B00FF1F15 /* PBXContainerItemProxy */;
			sourceTree = BUILT_PRODUCTS_DIR;
		};
		2AE0B42025A7E14B00FF1F15 /* nanopb.framework */ = {
			isa = PBXReferenceProxy;
			fileType = wrapper.framework;
			path = nanopb.framework;
			remoteRef = 2AE0B41F25A7E14B00FF1F15 /* PBXContainerItemProxy */;
			sourceTree = BUILT_PRODUCTS_DIR;
		};
		2AE0B42225A7E14B00FF1F15 /* Pods_aerie.framework */ = {
			isa = PBXReferenceProxy;
			fileType = wrapper.framework;
			path = Pods_aerie.framework;
			remoteRef = 2AE0B42125A7E14B00FF1F15 /* PBXContainerItemProxy */;
			sourceTree = BUILT_PRODUCTS_DIR;
		};
		321E49322601A6B10047A704 /* FloatingPanel.framework */ = {
			isa = PBXReferenceProxy;
			fileType = wrapper.framework;
			path = FloatingPanel.framework;
			remoteRef = 321E49312601A6B10047A704 /* PBXContainerItemProxy */;
			sourceTree = BUILT_PRODUCTS_DIR;
		};
		3246E78D261C44CE00A1790E /* SDWebImage.framework */ = {
			isa = PBXReferenceProxy;
			fileType = wrapper.framework;
			path = SDWebImage.framework;
			remoteRef = 3246E78C261C44CE00A1790E /* PBXContainerItemProxy */;
			sourceTree = BUILT_PRODUCTS_DIR;
		};
		328F934525F4A79F008F6CF2 /* FirebaseStorage.framework */ = {
			isa = PBXReferenceProxy;
			fileType = wrapper.framework;
			path = FirebaseStorage.framework;
			remoteRef = 328F934425F4A79F008F6CF2 /* PBXContainerItemProxy */;
			sourceTree = BUILT_PRODUCTS_DIR;
		};
		32A4B97A26004B27005DD281 /* InputBarAccessoryView.framework */ = {
			isa = PBXReferenceProxy;
			fileType = wrapper.framework;
			path = InputBarAccessoryView.framework;
			remoteRef = 32A4B97926004B27005DD281 /* PBXContainerItemProxy */;
			sourceTree = BUILT_PRODUCTS_DIR;
		};
		32A4B97C26004B27005DD281 /* MessageKit.framework */ = {
			isa = PBXReferenceProxy;
			fileType = wrapper.framework;
			path = MessageKit.framework;
			remoteRef = 32A4B97B26004B27005DD281 /* PBXContainerItemProxy */;
			sourceTree = BUILT_PRODUCTS_DIR;
		};
/* End PBXReferenceProxy section */

/* Begin PBXResourcesBuildPhase section */
		8314D42D22E644CC001D044A /* Resources */ = {
			isa = PBXResourcesBuildPhase;
			buildActionMask = 2147483647;
			files = (
				3233FBE625F98D4200E0825B /* circle-light-cropped2.gif in Resources */,
				8314D43F22E644CD001D044A /* LaunchScreen.storyboard in Resources */,
				2A7F805C25B91E0800FB1FC3 /* GoogleService-Info.plist in Resources */,
				8314D43C22E644CD001D044A /* Assets.xcassets in Resources */,
				8314D43A22E644CC001D044A /* Main.storyboard in Resources */,
			);
			runOnlyForDeploymentPostprocessing = 0;
		};
/* End PBXResourcesBuildPhase section */

/* Begin PBXShellScriptBuildPhase section */
		0926ACEAD9A9DC1AF737BE4D /* [CP] Copy Pods Resources */ = {
			isa = PBXShellScriptBuildPhase;
			buildActionMask = 2147483647;
			files = (
			);
			inputFileListPaths = (
				"${PODS_ROOT}/Target Support Files/Pods-aerie/Pods-aerie-resources-${CONFIGURATION}-input-files.xcfilelist",
			);
			name = "[CP] Copy Pods Resources";
			outputFileListPaths = (
				"${PODS_ROOT}/Target Support Files/Pods-aerie/Pods-aerie-resources-${CONFIGURATION}-output-files.xcfilelist",
			);
			runOnlyForDeploymentPostprocessing = 0;
			shellPath = /bin/sh;
			shellScript = "\"${PODS_ROOT}/Target Support Files/Pods-aerie/Pods-aerie-resources.sh\"\n";
			showEnvVarsInLog = 0;
		};
		7D48E628917999722CE92F9E /* [CP] Embed Pods Frameworks */ = {
			isa = PBXShellScriptBuildPhase;
			buildActionMask = 2147483647;
			files = (
			);
			inputFileListPaths = (
				"${PODS_ROOT}/Target Support Files/Pods-aerie/Pods-aerie-frameworks-${CONFIGURATION}-input-files.xcfilelist",
			);
			name = "[CP] Embed Pods Frameworks";
			outputFileListPaths = (
				"${PODS_ROOT}/Target Support Files/Pods-aerie/Pods-aerie-frameworks-${CONFIGURATION}-output-files.xcfilelist",
			);
			runOnlyForDeploymentPostprocessing = 0;
			shellPath = /bin/sh;
			shellScript = "\"${PODS_ROOT}/Target Support Files/Pods-aerie/Pods-aerie-frameworks.sh\"\n";
			showEnvVarsInLog = 0;
		};
		96261C93D747DB12A9B86BBA /* [CP] Check Pods Manifest.lock */ = {
			isa = PBXShellScriptBuildPhase;
			buildActionMask = 2147483647;
			files = (
			);
			inputFileListPaths = (
			);
			inputPaths = (
				"${PODS_PODFILE_DIR_PATH}/Podfile.lock",
				"${PODS_ROOT}/Manifest.lock",
			);
			name = "[CP] Check Pods Manifest.lock";
			outputFileListPaths = (
			);
			outputPaths = (
				"$(DERIVED_FILE_DIR)/Pods-aerie-checkManifestLockResult.txt",
			);
			runOnlyForDeploymentPostprocessing = 0;
			shellPath = /bin/sh;
			shellScript = "diff \"${PODS_PODFILE_DIR_PATH}/Podfile.lock\" \"${PODS_ROOT}/Manifest.lock\" > /dev/null\nif [ $? != 0 ] ; then\n    # print error to STDERR\n    echo \"error: The sandbox is not in sync with the Podfile.lock. Run 'pod install' or update your CocoaPods installation.\" >&2\n    exit 1\nfi\n# This output is used by Xcode 'outputs' to avoid re-running this script phase.\necho \"SUCCESS\" > \"${SCRIPT_OUTPUT_FILE_0}\"\n";
			showEnvVarsInLog = 0;
		};
/* End PBXShellScriptBuildPhase section */

/* Begin PBXSourcesBuildPhase section */
		8314D42B22E644CC001D044A /* Sources */ = {
			isa = PBXSourcesBuildPhase;
			buildActionMask = 2147483647;
			files = (
				3229849D25C3276B00E31EF9 /* ChatVC.swift in Sources */,
				3229849A25C3274600E31EF9 /* PostVC.swift in Sources */,
				326DAE8226197CDD0065DD82 /* MessageViewController.swift in Sources */,
				32041A8C261CEF9400A11E59 /* PhotoViewerViewController.swift in Sources */,
				32C2E3A2260AFD3600ED88AF /* PostTableViewCell.swift in Sources */,
				32E73AA02602FDD0001DA6F7 /* ProfileViewController.swift in Sources */,
				321F67F925EC85E10098A866 /* String.swift in Sources */,
				2A29F66325A7F01300D039B8 /* Styler.swift in Sources */,
				326CAE8C260A974D000AA0DB /* ShadowButton.swift in Sources */,
				32D2FB5E2602B6B8003197E3 /* LocationManager.swift in Sources */,
				8314D43722E644CC001D044A /* ViewController.swift in Sources */,
				8314D43322E644CC001D044A /* AppDelegate.swift in Sources */,
				320AD1FE261025C900FAF090 /* EditPostViewController.swift in Sources */,
				3233FBDD25F9744800E0825B /* UIImageView.swift in Sources */,
				32A4838326065EB9006DB2EB /* PostOperation.swift in Sources */,
				8314D44722E64515001D044A /* SignUpViewController.swift in Sources */,
				323FDDA2261B7F35003C26B2 /* Conversation.swift in Sources */,
				321F680925EDB9430098A866 /* TabAnimationView.swift in Sources */,
				325E08FF26094B7300BA322F /* UIAlertController.swift in Sources */,
				323FDD99261B7D8B003C26B2 /* Message.swift in Sources */,
				321F680425EDB3480098A866 /* UITabBarController.swift in Sources */,
				3233FBD625F964B900E0825B /* UIImage.swift in Sources */,
				32D6CD7326045081003956A5 /* UIView.swift in Sources */,
				2A29F6EC25A81CC200D039B8 /* Filter.swift in Sources */,
				32E7EE8C260E901700BC5110 /* ManagePostViewCell.swift in Sources */,
				3233FBED25F9E89E00E0825B /* FireStorage.swift in Sources */,
				32A4B98226004B5C005DD281 /* ManageYourPost.swift in Sources */,
				32A4B98526004D6C005DD281 /* LocationViewController.swift in Sources */,
				32A4838D2606ED97006DB2EB /* Array.swift in Sources */,
				320F809A25E47AA800FBB40A /* MenuListController.swift in Sources */,
				2A3646A625AFDBE100AB3C3B /* DBOperation.swift in Sources */,
				320F80A325E4C7C200FBB40A /* SignOutViewController.swift in Sources */,
				32A4B93025FFEFF9005DD281 /* Date.swift in Sources */,
				8314D43522E644CC001D044A /* SceneDelegate.swift in Sources */,
				3231EB4B261A2B8A000C4C0D /* MessageOperation.swift in Sources */,
				32D6CD7C260455A9003956A5 /* User.swift in Sources */,
				32C2E3A6260C282D00ED88AF /* SendPostViewController.swift in Sources */,
				321F67FD25EC89EC0098A866 /* UIViewController.swift in Sources */,
				3229849725C325B500E31EF9 /* UserVC.swift in Sources */,
				321E49352601AC7C0047A704 /* SearchMapController.swift in Sources */,
				32FDF17426157F2600EE0BD9 /* ViewPostController.swift in Sources */,
				8314D44B22E6452C001D044A /* HomeViewController.swift in Sources */,
				830C3D8F22E7523E001FA4E7 /* Constants.swift in Sources */,
				329AFF33261CE77000B5723F /* ChatNavigationVC.swift in Sources */,
				324B708825FF15D000551BFD /* CheckBox.swift in Sources */,
				3214694B25EB0EC500C8735C /* BaseVC.swift in Sources */,
				329AFF30261CC04400B5723F /* MapViewController.swift in Sources */,
				32FBF5A025C2784400F7C55E /* UserOperation.swift in Sources */,
				2A36469F25AFDB8900AB3C3B /* Post.swift in Sources */,
			);
			runOnlyForDeploymentPostprocessing = 0;
		};
/* End PBXSourcesBuildPhase section */

/* Begin PBXTargetDependency section */
		2AE0B43F25A7E15800FF1F15 /* PBXTargetDependency */ = {
			isa = PBXTargetDependency;
			name = "BoringSSL-GRPC";
			targetProxy = 2AE0B43E25A7E15800FF1F15 /* PBXContainerItemProxy */;
		};
		2AE0B44125A7E15800FF1F15 /* PBXTargetDependency */ = {
			isa = PBXTargetDependency;
			name = Firebase;
			targetProxy = 2AE0B44025A7E15800FF1F15 /* PBXContainerItemProxy */;
		};
		2AE0B44325A7E15800FF1F15 /* PBXTargetDependency */ = {
			isa = PBXTargetDependency;
			name = FirebaseAnalytics;
			targetProxy = 2AE0B44225A7E15800FF1F15 /* PBXContainerItemProxy */;
		};
		2AE0B44525A7E15800FF1F15 /* PBXTargetDependency */ = {
			isa = PBXTargetDependency;
			name = FirebaseAuth;
			targetProxy = 2AE0B44425A7E15800FF1F15 /* PBXContainerItemProxy */;
		};
		2AE0B44925A7E15800FF1F15 /* PBXTargetDependency */ = {
			isa = PBXTargetDependency;
			name = FirebaseCore;
			targetProxy = 2AE0B44825A7E15800FF1F15 /* PBXContainerItemProxy */;
		};
		2AE0B44B25A7E15800FF1F15 /* PBXTargetDependency */ = {
			isa = PBXTargetDependency;
			name = FirebaseFirestore;
			targetProxy = 2AE0B44A25A7E15800FF1F15 /* PBXContainerItemProxy */;
		};
		2AE0B44F25A7E15800FF1F15 /* PBXTargetDependency */ = {
			isa = PBXTargetDependency;
			name = GTMSessionFetcher;
			targetProxy = 2AE0B44E25A7E15800FF1F15 /* PBXContainerItemProxy */;
		};
		2AE0B45125A7E15800FF1F15 /* PBXTargetDependency */ = {
			isa = PBXTargetDependency;
			name = GoogleAppMeasurement;
			targetProxy = 2AE0B45025A7E15800FF1F15 /* PBXContainerItemProxy */;
		};
		2AE0B45325A7E15800FF1F15 /* PBXTargetDependency */ = {
			isa = PBXTargetDependency;
			name = GoogleUtilities;
			targetProxy = 2AE0B45225A7E15800FF1F15 /* PBXContainerItemProxy */;
		};
		2AE0B45525A7E15800FF1F15 /* PBXTargetDependency */ = {
			isa = PBXTargetDependency;
			name = "Pods-aerie";
			targetProxy = 2AE0B45425A7E15800FF1F15 /* PBXContainerItemProxy */;
		};
		2AE0B45925A7E15800FF1F15 /* PBXTargetDependency */ = {
			isa = PBXTargetDependency;
			name = "gRPC-C++";
			targetProxy = 2AE0B45825A7E15800FF1F15 /* PBXContainerItemProxy */;
		};
		2AE0B45D25A7E15800FF1F15 /* PBXTargetDependency */ = {
			isa = PBXTargetDependency;
			name = "gRPC-Core";
			targetProxy = 2AE0B45C25A7E15800FF1F15 /* PBXContainerItemProxy */;
		};
		2AE0B45F25A7E15800FF1F15 /* PBXTargetDependency */ = {
			isa = PBXTargetDependency;
			name = "leveldb-library";
			targetProxy = 2AE0B45E25A7E15800FF1F15 /* PBXContainerItemProxy */;
		};
		2AE0B46125A7E15800FF1F15 /* PBXTargetDependency */ = {
			isa = PBXTargetDependency;
			name = nanopb;
			targetProxy = 2AE0B46025A7E15800FF1F15 /* PBXContainerItemProxy */;
		};
		322984C825C3419100E31EF9 /* PBXTargetDependency */ = {
			isa = PBXTargetDependency;
			name = AppAuth;
			targetProxy = 322984C725C3419100E31EF9 /* PBXContainerItemProxy */;
		};
		322984CA25C3419100E31EF9 /* PBXTargetDependency */ = {
			isa = PBXTargetDependency;
			name = FirebaseCoreDiagnostics;
			targetProxy = 322984C925C3419100E31EF9 /* PBXContainerItemProxy */;
		};
		322984CC25C3419100E31EF9 /* PBXTargetDependency */ = {
			isa = PBXTargetDependency;
			name = FirebaseInstallations;
			targetProxy = 322984CB25C3419100E31EF9 /* PBXContainerItemProxy */;
		};
		322984CE25C3419100E31EF9 /* PBXTargetDependency */ = {
			isa = PBXTargetDependency;
			name = GTMAppAuth;
			targetProxy = 322984CD25C3419100E31EF9 /* PBXContainerItemProxy */;
		};
		322984D025C3419100E31EF9 /* PBXTargetDependency */ = {
			isa = PBXTargetDependency;
			name = GoogleDataTransport;
			targetProxy = 322984CF25C3419100E31EF9 /* PBXContainerItemProxy */;
		};
		322984D625C3419100E31EF9 /* PBXTargetDependency */ = {
			isa = PBXTargetDependency;
			name = GoogleSignIn;
			targetProxy = 322984D525C3419100E31EF9 /* PBXContainerItemProxy */;
		};
		322984D825C3419100E31EF9 /* PBXTargetDependency */ = {
			isa = PBXTargetDependency;
			name = PromisesObjC;
			targetProxy = 322984D725C3419100E31EF9 /* PBXContainerItemProxy */;
		};
		322984DA25C3419100E31EF9 /* PBXTargetDependency */ = {
			isa = PBXTargetDependency;
			name = abseil;
			targetProxy = 322984D925C3419100E31EF9 /* PBXContainerItemProxy */;
		};
		322984DC25C3419100E31EF9 /* PBXTargetDependency */ = {
			isa = PBXTargetDependency;
			name = "gRPC-C++-gRPCCertificates-Cpp";
			targetProxy = 322984DB25C3419100E31EF9 /* PBXContainerItemProxy */;
		};
/* End PBXTargetDependency section */

/* Begin PBXVariantGroup section */
		8314D43822E644CC001D044A /* Main.storyboard */ = {
			isa = PBXVariantGroup;
			children = (
				8314D43922E644CC001D044A /* Base */,
			);
			name = Main.storyboard;
			sourceTree = "<group>";
		};
		8314D43D22E644CD001D044A /* LaunchScreen.storyboard */ = {
			isa = PBXVariantGroup;
			children = (
				8314D43E22E644CD001D044A /* Base */,
			);
			name = LaunchScreen.storyboard;
			sourceTree = "<group>";
		};
/* End PBXVariantGroup section */

/* Begin XCBuildConfiguration section */
		8314D44122E644CD001D044A /* Debug */ = {
			isa = XCBuildConfiguration;
			buildSettings = {
				ALWAYS_SEARCH_USER_PATHS = NO;
				CLANG_ANALYZER_NONNULL = YES;
				CLANG_ANALYZER_NUMBER_OBJECT_CONVERSION = YES_AGGRESSIVE;
				CLANG_CXX_LANGUAGE_STANDARD = "gnu++14";
				CLANG_CXX_LIBRARY = "libc++";
				CLANG_ENABLE_MODULES = YES;
				CLANG_ENABLE_OBJC_ARC = YES;
				CLANG_ENABLE_OBJC_WEAK = YES;
				CLANG_WARN_BLOCK_CAPTURE_AUTORELEASING = YES;
				CLANG_WARN_BOOL_CONVERSION = YES;
				CLANG_WARN_COMMA = YES;
				CLANG_WARN_CONSTANT_CONVERSION = YES;
				CLANG_WARN_DEPRECATED_OBJC_IMPLEMENTATIONS = YES;
				CLANG_WARN_DIRECT_OBJC_ISA_USAGE = YES_ERROR;
				CLANG_WARN_DOCUMENTATION_COMMENTS = YES;
				CLANG_WARN_EMPTY_BODY = YES;
				CLANG_WARN_ENUM_CONVERSION = YES;
				CLANG_WARN_INFINITE_RECURSION = YES;
				CLANG_WARN_INT_CONVERSION = YES;
				CLANG_WARN_NON_LITERAL_NULL_CONVERSION = YES;
				CLANG_WARN_OBJC_IMPLICIT_RETAIN_SELF = YES;
				CLANG_WARN_OBJC_LITERAL_CONVERSION = YES;
				CLANG_WARN_OBJC_ROOT_CLASS = YES_ERROR;
				CLANG_WARN_QUOTED_INCLUDE_IN_FRAMEWORK_HEADER = YES;
				CLANG_WARN_RANGE_LOOP_ANALYSIS = YES;
				CLANG_WARN_STRICT_PROTOTYPES = YES;
				CLANG_WARN_SUSPICIOUS_MOVE = YES;
				CLANG_WARN_UNGUARDED_AVAILABILITY = YES_AGGRESSIVE;
				CLANG_WARN_UNREACHABLE_CODE = YES;
				CLANG_WARN__DUPLICATE_METHOD_MATCH = YES;
				COPY_PHASE_STRIP = NO;
				DEBUG_INFORMATION_FORMAT = dwarf;
				ENABLE_STRICT_OBJC_MSGSEND = YES;
				ENABLE_TESTABILITY = YES;
				GCC_C_LANGUAGE_STANDARD = gnu11;
				GCC_DYNAMIC_NO_PIC = NO;
				GCC_NO_COMMON_BLOCKS = YES;
				GCC_OPTIMIZATION_LEVEL = 0;
				GCC_PREPROCESSOR_DEFINITIONS = (
					"DEBUG=1",
					"$(inherited)",
				);
				GCC_WARN_64_TO_32_BIT_CONVERSION = YES;
				GCC_WARN_ABOUT_RETURN_TYPE = YES_ERROR;
				GCC_WARN_UNDECLARED_SELECTOR = YES;
				GCC_WARN_UNINITIALIZED_AUTOS = YES_AGGRESSIVE;
				GCC_WARN_UNUSED_FUNCTION = YES;
				GCC_WARN_UNUSED_VARIABLE = YES;
				IPHONEOS_DEPLOYMENT_TARGET = 13.0;
				MTL_ENABLE_DEBUG_INFO = INCLUDE_SOURCE;
				MTL_FAST_MATH = YES;
				ONLY_ACTIVE_ARCH = YES;
				SDKROOT = iphoneos;
				SWIFT_ACTIVE_COMPILATION_CONDITIONS = DEBUG;
				SWIFT_OPTIMIZATION_LEVEL = "-Onone";
			};
			name = Debug;
		};
		8314D44222E644CD001D044A /* Release */ = {
			isa = XCBuildConfiguration;
			buildSettings = {
				ALWAYS_SEARCH_USER_PATHS = NO;
				CLANG_ANALYZER_NONNULL = YES;
				CLANG_ANALYZER_NUMBER_OBJECT_CONVERSION = YES_AGGRESSIVE;
				CLANG_CXX_LANGUAGE_STANDARD = "gnu++14";
				CLANG_CXX_LIBRARY = "libc++";
				CLANG_ENABLE_MODULES = YES;
				CLANG_ENABLE_OBJC_ARC = YES;
				CLANG_ENABLE_OBJC_WEAK = YES;
				CLANG_WARN_BLOCK_CAPTURE_AUTORELEASING = YES;
				CLANG_WARN_BOOL_CONVERSION = YES;
				CLANG_WARN_COMMA = YES;
				CLANG_WARN_CONSTANT_CONVERSION = YES;
				CLANG_WARN_DEPRECATED_OBJC_IMPLEMENTATIONS = YES;
				CLANG_WARN_DIRECT_OBJC_ISA_USAGE = YES_ERROR;
				CLANG_WARN_DOCUMENTATION_COMMENTS = YES;
				CLANG_WARN_EMPTY_BODY = YES;
				CLANG_WARN_ENUM_CONVERSION = YES;
				CLANG_WARN_INFINITE_RECURSION = YES;
				CLANG_WARN_INT_CONVERSION = YES;
				CLANG_WARN_NON_LITERAL_NULL_CONVERSION = YES;
				CLANG_WARN_OBJC_IMPLICIT_RETAIN_SELF = YES;
				CLANG_WARN_OBJC_LITERAL_CONVERSION = YES;
				CLANG_WARN_OBJC_ROOT_CLASS = YES_ERROR;
				CLANG_WARN_QUOTED_INCLUDE_IN_FRAMEWORK_HEADER = YES;
				CLANG_WARN_RANGE_LOOP_ANALYSIS = YES;
				CLANG_WARN_STRICT_PROTOTYPES = YES;
				CLANG_WARN_SUSPICIOUS_MOVE = YES;
				CLANG_WARN_UNGUARDED_AVAILABILITY = YES_AGGRESSIVE;
				CLANG_WARN_UNREACHABLE_CODE = YES;
				CLANG_WARN__DUPLICATE_METHOD_MATCH = YES;
				COPY_PHASE_STRIP = NO;
				DEBUG_INFORMATION_FORMAT = "dwarf-with-dsym";
				ENABLE_NS_ASSERTIONS = NO;
				ENABLE_STRICT_OBJC_MSGSEND = YES;
				GCC_C_LANGUAGE_STANDARD = gnu11;
				GCC_NO_COMMON_BLOCKS = YES;
				GCC_WARN_64_TO_32_BIT_CONVERSION = YES;
				GCC_WARN_ABOUT_RETURN_TYPE = YES_ERROR;
				GCC_WARN_UNDECLARED_SELECTOR = YES;
				GCC_WARN_UNINITIALIZED_AUTOS = YES_AGGRESSIVE;
				GCC_WARN_UNUSED_FUNCTION = YES;
				GCC_WARN_UNUSED_VARIABLE = YES;
				IPHONEOS_DEPLOYMENT_TARGET = 13.0;
				MTL_ENABLE_DEBUG_INFO = NO;
				MTL_FAST_MATH = YES;
				SDKROOT = iphoneos;
				SWIFT_COMPILATION_MODE = wholemodule;
				SWIFT_OPTIMIZATION_LEVEL = "-O";
				VALIDATE_PRODUCT = YES;
			};
			name = Release;
		};
		8314D44422E644CD001D044A /* Debug */ = {
			isa = XCBuildConfiguration;
			baseConfigurationReference = ACB20647BFB76A962B3E918B /* Pods-aerie.debug.xcconfig */;
			buildSettings = {
				ASSETCATALOG_COMPILER_APPICON_NAME = AppIcon;
				CODE_SIGN_STYLE = Automatic;
				DEVELOPMENT_TEAM = 7GB6H583UD;
				INFOPLIST_FILE = aerie/Info.plist;
				IPHONEOS_DEPLOYMENT_TARGET = 14.2;
				LD_RUNPATH_SEARCH_PATHS = (
					"$(inherited)",
					"@executable_path/Frameworks",
				);
				PRODUCT_BUNDLE_IDENTIFIER = com.honor.aerie;
				PRODUCT_NAME = "$(TARGET_NAME)";
				SWIFT_VERSION = 5.0;
				TARGETED_DEVICE_FAMILY = 1;
			};
			name = Debug;
		};
		8314D44522E644CD001D044A /* Release */ = {
			isa = XCBuildConfiguration;
			baseConfigurationReference = 266E92BF52F2752B81465D0D /* Pods-aerie.release.xcconfig */;
			buildSettings = {
				ASSETCATALOG_COMPILER_APPICON_NAME = AppIcon;
				CODE_SIGN_STYLE = Automatic;
				DEVELOPMENT_TEAM = 7GB6H583UD;
				INFOPLIST_FILE = aerie/Info.plist;
				IPHONEOS_DEPLOYMENT_TARGET = 14.2;
				LD_RUNPATH_SEARCH_PATHS = (
					"$(inherited)",
					"@executable_path/Frameworks",
				);
				PRODUCT_BUNDLE_IDENTIFIER = com.honor.aerie;
				PRODUCT_NAME = "$(TARGET_NAME)";
				SWIFT_VERSION = 5.0;
				TARGETED_DEVICE_FAMILY = 1;
			};
			name = Release;
		};
/* End XCBuildConfiguration section */

/* Begin XCConfigurationList section */
		8314D42A22E644CC001D044A /* Build configuration list for PBXProject "aerie" */ = {
			isa = XCConfigurationList;
			buildConfigurations = (
				8314D44122E644CD001D044A /* Debug */,
				8314D44222E644CD001D044A /* Release */,
			);
			defaultConfigurationIsVisible = 0;
			defaultConfigurationName = Release;
		};
		8314D44322E644CD001D044A /* Build configuration list for PBXNativeTarget "aerie" */ = {
			isa = XCConfigurationList;
			buildConfigurations = (
				8314D44422E644CD001D044A /* Debug */,
				8314D44522E644CD001D044A /* Release */,
			);
			defaultConfigurationIsVisible = 0;
			defaultConfigurationName = Release;
		};
/* End XCConfigurationList section */
	};
	rootObject = 8314D42722E644CC001D044A /* Project object */;
}
